
Microsoft Visual Studio Solution File, Format Version 12.00
# Visual Studio Version 16
VisualStudioVersion = 16.0.29215.179
MinimumVisualStudioVersion = 10.0.40219.1
Project("{FAE04EC0-301F-11D3-BF4B-00C04F79EFBC}") = "ClassesMethodsNamespaces", "ClassesMethodsNamespaces\ClassesMethodsNamespaces.csproj", "{F8B064C4-43C7-4EB1-A810-A7509133D42B}"
EndProject
Global
	GlobalSection(SolutionConfigurationPlatforms) = preSolution
		Debug|Any CPU = Debug|Any CPU
		Release|Any CPU = Release|Any CPU
	EndGlobalSection
	GlobalSection(ProjectConfigurationPlatforms) = postSolution
		{F8B064C4-43C7-4EB1-A810-A7509133D42B}.Debug|Any CPU.ActiveCfg = Debug|Any CPU
		{F8B064C4-43C7-4EB1-A810-A7509133D42B}.Debug|Any CPU.Build.0 = Debug|Any CPU
		{F8B064C4-43C7-4EB1-A810-A7509133D42B}.Release|Any CPU.ActiveCfg = Release|Any CPU
		{F8B064C4-43C7-4EB1-A810-A7509133D42B}.Release|Any CPU.Build.0 = Release|Any CPU
	EndGlobalSection
	GlobalSection(SolutionProperties) = preSolution
		HideSolutionNode = FALSE
	EndGlobalSection
	GlobalSection(ExtensibilityGlobals) = postSolution
		SolutionGuid = {01552FA9-FA49-457E-BEA2-33CDE1AD30C4}
	EndGlobalSection
EndGlobal
